
Microsoft Visual Studio Solution File, Format Version 12.00
# Visual Studio Version 17
VisualStudioVersion = 17.7.34024.191
MinimumVisualStudioVersion = 10.0.40219.1
Project("{FAE04EC0-301F-11D3-BF4B-00C04F79EFBC}") = "ASS_1", "ASS_1\ASS_1.csproj", "{9ECEBD67-E906-4DA1-8886-80FEA78C80CB}"
EndProject
Global
	GlobalSection(SolutionConfigurationPlatforms) = preSolution
		Debug|Any CPU = Debug|Any CPU
		Release|Any CPU = Release|Any CPU
	EndGlobalSection
	GlobalSection(ProjectConfigurationPlatforms) = postSolution
		{9ECEBD67-E906-4DA1-8886-80FEA78C80CB}.Debug|Any CPU.ActiveCfg = Debug|Any CPU
		{9ECEBD67-E906-4DA1-8886-80FEA78C80CB}.Debug|Any CPU.Build.0 = Debug|Any CPU
		{9ECEBD67-E906-4DA1-8886-80FEA78C80CB}.Release|Any CPU.ActiveCfg = Release|Any CPU
		{9ECEBD67-E906-4DA1-8886-80FEA78C80CB}.Release|Any CPU.Build.0 = Release|Any CPU
	EndGlobalSection
	GlobalSection(SolutionProperties) = preSolution
		HideSolutionNode = FALSE
	EndGlobalSection
	GlobalSection(ExtensibilityGlobals) = postSolution
		SolutionGuid = {A24C7DE8-5262-44E7-BBE3-6FC8141617F0}
	EndGlobalSection
EndGlobal
